{
  "name": "node",
  "lockfileVersion": 3,
  "requires": true,
  "packages": {
    "": {
      "dependencies": {
        "newlec-hello": "^0.0.2"
      }
    },
    "node_modules/newlec-hello": {
      "version": "0.0.2",
      "resolved": "https://registry.npmjs.org/newlec-hello/-/newlec-hello-0.0.2.tgz",
      "integrity": "sha512-qo/+8xUxagTExhQHZglr7oIhz6WyhN3MLgybFBOb4Z+YjvhbN+NKuDHTUT3GKd9LhYr0PwOxvr5/MLVLUFQ1zQ=="
    }
  }
}
