{
  "name": "part2",
  "version": "1.0.0",
  "lockfileVersion": 3,
  "requires": true,
  "packages": {
    "": {
      "name": "part2",
      "version": "1.0.0",
      "license": "ISC",
      "dependencies": {
        "snyk": "^1.1091.0"
      }
    },
    "node_modules/snyk": {
      "version": "1.1091.0",
      "resolved": "https://registry.npmjs.org/snyk/-/snyk-1.1091.0.tgz",
      "integrity": "sha512-NUofOS3cf4KoT0V3vS1NDC86eG86L29SIno8yIMiVvW7azOxw/IgO09oUhKzFUMXixzU0I9z6Ja+Uv0JsrMQnw==",
      "bin": {
        "snyk": "bin/snyk"
      },
      "engines": {
        "node": ">=12"
      }
    }
  }
}
